schema: '2.0'
stages:
  train:
    cmd: python project/src/train.py
    deps:
    - path: data/raw/dataset.csv
      hash: md5
      md5: 70fa01ee10da1bd9b17fe18234356bfa
      size: 470858
    - path: project/src/data_preprocessing.py
      hash: md5
      md5: 36a2af6a3a3ee97969cacb8b70552213
      size: 2706
    - path: project/src/feature_engineering.py
      hash: md5
      md5: a2f014810e888fdc6062ae29a060253c
      size: 1722
    - path: project/src/train.py
      hash: md5
      md5: d4dca3daa5aa1118d60b44ad775b5576
      size: 1943
    outs:
    - path: models/best_model.joblib
      hash: md5
      md5: e7e6b1a39dbb4548572e9c219a59fb01
      size: 61601494
  evaluate:
    cmd: python project/src/evaluate.py
    deps:
    - path: data/raw/dataset.csv
      hash: md5
      md5: 70fa01ee10da1bd9b17fe18234356bfa
      size: 470858
    - path: models/best_model.joblib
      hash: md5
      md5: e7e6b1a39dbb4548572e9c219a59fb01
      size: 61601494
    - path: project/src/data_preprocessing.py
      hash: md5
      md5: 36a2af6a3a3ee97969cacb8b70552213
      size: 2706
    - path: project/src/evaluate.py
      hash: md5
      md5: 4b6daafba67dc4676065f9f36fe09fe0
      size: 1903
    - path: project/src/feature_engineering.py
      hash: md5
      md5: a2f014810e888fdc6062ae29a060253c
      size: 1722
    outs:
    - path: reports/metrics.json
      hash: md5
      md5: eeac8b844bed48f7e69934f30143fcdf
      size: 1373
